
Microsoft Visual Studio Solution File, Format Version 12.00
# Visual Studio Version 17
VisualStudioVersion = 17.13.35931.197
MinimumVisualStudioVersion = 10.0.40219.1
Project("{2150E333-8FDC-42A3-9474-1A3956D46DE8}") = "Services", "Services", "{02EA681E-C7D8-13C7-8484-4AC65E1B71E8}"
EndProject
Project("{2150E333-8FDC-42A3-9474-1A3956D46DE8}") = "ApiGateways", "ApiGateways", "{05DD9170-34D7-4264-8004-39DB9340E1C0}"
EndProject
Project("{2150E333-8FDC-42A3-9474-1A3956D46DE8}") = "BuildingBlocks", "BuildingBlocks", "{B3853303-1B43-45D9-9ED8-C3113FA82632}"
EndProject
Project("{FAE04EC0-301F-11D3-BF4B-00C04F79EFBC}") = "BuildingBlocks", "BuildingBlocks\BuildingBlocks\BuildingBlocks.csproj", "{97103D33-5059-4F19-BA33-45D7473F841F}"
EndProject
Project("{FAE04EC0-301F-11D3-BF4B-00C04F79EFBC}") = "BuildingBlocks.Messaging", "BuildingBlocks\BuildingBlocks.Messaging\BuildingBlocks.Messaging.csproj", "{8CB206F9-DEAF-4FAF-923F-75D8239C4287}"
EndProject
Project("{2150E333-8FDC-42A3-9474-1A3956D46DE8}") = "Auth", "Auth", "{AADEB703-FD87-43B8-8F70-85375B17B7D8}"
EndProject
Project("{FAE04EC0-301F-11D3-BF4B-00C04F79EFBC}") = "Auth.API", "Services\Auth\Auth.API\Auth.API.csproj", "{9D93FF15-6447-4B29-A999-7C47DE3AED8E}"
EndProject
Project("{FAE04EC0-301F-11D3-BF4B-00C04F79EFBC}") = "Auth.Infrastructure", "Services\Auth\Auth.Infrastructure\Auth.Infrastructure.csproj", "{07EAFF15-EAAB-49B8-9AAD-CDD58CF26213}"
EndProject
Project("{FAE04EC0-301F-11D3-BF4B-00C04F79EFBC}") = "Auth.Domain", "Services\Auth\Auth.Domain\Auth.Domain.csproj", "{D180D689-D900-415B-B0C2-FC199E1067C2}"
EndProject
Project("{FAE04EC0-301F-11D3-BF4B-00C04F79EFBC}") = "Auth.Application", "Services\Auth\Auth.Application\Auth.Application.csproj", "{A33D90FD-2732-414E-ADCA-BDE7A280E080}"
EndProject
Project("{2150E333-8FDC-42A3-9474-1A3956D46DE8}") = "Catalog", "Catalog", "{E484111E-1D48-4BA7-9BEF-BDE2C4B96725}"
EndProject
Project("{FAE04EC0-301F-11D3-BF4B-00C04F79EFBC}") = "Catalog.API", "Services\Catalog\Catalog.API\Catalog.API.csproj", "{BE0C71F4-2144-4F81-9691-216A01A73023}"
EndProject
Project("{2150E333-8FDC-42A3-9474-1A3956D46DE8}") = "Basket", "Basket", "{49808DF4-C69A-44E1-819D-2FA91430A47D}"
EndProject
Project("{2150E333-8FDC-42A3-9474-1A3956D46DE8}") = "Discount", "Discount", "{1D82AB36-D602-465A-8A5C-2BEAD8087327}"
EndProject
Project("{2150E333-8FDC-42A3-9474-1A3956D46DE8}") = "Ordering", "Ordering", "{86760500-8CA9-496F-A87F-99FFB2C2BC66}"
EndProject
Project("{FAE04EC0-301F-11D3-BF4B-00C04F79EFBC}") = "Basket.API", "Services\Basket\Basket.API\Basket.API.csproj", "{A7CE1BEA-4195-760B-8C09-457FB57B8416}"
EndProject
Project("{FAE04EC0-301F-11D3-BF4B-00C04F79EFBC}") = "Discount.Grpc", "Services\Discount\Discount.Grpc\Discount.Grpc.csproj", "{DE05AA7A-3DE6-789B-E477-765967CC5C57}"
EndProject
Project("{FAE04EC0-301F-11D3-BF4B-00C04F79EFBC}") = "Ordering.API", "Services\Ordering\Ordering.API\Ordering.API.csproj", "{F18CBF71-D1A1-6332-2E48-B7E2DBC30EA5}"
EndProject
Project("{FAE04EC0-301F-11D3-BF4B-00C04F79EFBC}") = "Ordering.Application", "Services\Ordering\Ordering.Application\Ordering.Application.csproj", "{6E8AD615-B886-71E4-A850-80B639B79D24}"
EndProject
Project("{FAE04EC0-301F-11D3-BF4B-00C04F79EFBC}") = "Ordering.Infrastructure", "Services\Ordering\Ordering.Infrastructure\Ordering.Infrastructure.csproj", "{8D6331C5-72A6-DEFA-2B59-5F115C5D739E}"
EndProject
Project("{FAE04EC0-301F-11D3-BF4B-00C04F79EFBC}") = "Ordering.Domain", "Services\Ordering\Ordering.Domain\Ordering.Domain.csproj", "{066FDE78-4996-BE3D-BC3E-8EB4D9C32329}"
EndProject
Project("{E53339B2-1760-4266-BCC7-CA923CBCF16C}") = "docker-compose", "docker-compose.dcproj", "{81DDED9D-158B-E303-5F62-77A2896D2A5A}"
EndProject
Global
	GlobalSection(SolutionConfigurationPlatforms) = preSolution
		Debug|Any CPU = Debug|Any CPU
		Release|Any CPU = Release|Any CPU
	EndGlobalSection
	GlobalSection(ProjectConfigurationPlatforms) = postSolution
		{97103D33-5059-4F19-BA33-45D7473F841F}.Debug|Any CPU.ActiveCfg = Debug|Any CPU
		{97103D33-5059-4F19-BA33-45D7473F841F}.Debug|Any CPU.Build.0 = Debug|Any CPU
		{97103D33-5059-4F19-BA33-45D7473F841F}.Release|Any CPU.ActiveCfg = Release|Any CPU
		{97103D33-5059-4F19-BA33-45D7473F841F}.Release|Any CPU.Build.0 = Release|Any CPU
		{8CB206F9-DEAF-4FAF-923F-75D8239C4287}.Debug|Any CPU.ActiveCfg = Debug|Any CPU
		{8CB206F9-DEAF-4FAF-923F-75D8239C4287}.Debug|Any CPU.Build.0 = Debug|Any CPU
		{8CB206F9-DEAF-4FAF-923F-75D8239C4287}.Release|Any CPU.ActiveCfg = Release|Any CPU
		{8CB206F9-DEAF-4FAF-923F-75D8239C4287}.Release|Any CPU.Build.0 = Release|Any CPU
		{9D93FF15-6447-4B29-A999-7C47DE3AED8E}.Debug|Any CPU.ActiveCfg = Debug|Any CPU
		{9D93FF15-6447-4B29-A999-7C47DE3AED8E}.Debug|Any CPU.Build.0 = Debug|Any CPU
		{9D93FF15-6447-4B29-A999-7C47DE3AED8E}.Release|Any CPU.ActiveCfg = Release|Any CPU
		{9D93FF15-6447-4B29-A999-7C47DE3AED8E}.Release|Any CPU.Build.0 = Release|Any CPU
		{07EAFF15-EAAB-49B8-9AAD-CDD58CF26213}.Debug|Any CPU.ActiveCfg = Debug|Any CPU
		{07EAFF15-EAAB-49B8-9AAD-CDD58CF26213}.Debug|Any CPU.Build.0 = Debug|Any CPU
		{07EAFF15-EAAB-49B8-9AAD-CDD58CF26213}.Release|Any CPU.ActiveCfg = Release|Any CPU
		{07EAFF15-EAAB-49B8-9AAD-CDD58CF26213}.Release|Any CPU.Build.0 = Release|Any CPU
		{D180D689-D900-415B-B0C2-FC199E1067C2}.Debug|Any CPU.ActiveCfg = Debug|Any CPU
		{D180D689-D900-415B-B0C2-FC199E1067C2}.Debug|Any CPU.Build.0 = Debug|Any CPU
		{D180D689-D900-415B-B0C2-FC199E1067C2}.Release|Any CPU.ActiveCfg = Release|Any CPU
		{D180D689-D900-415B-B0C2-FC199E1067C2}.Release|Any CPU.Build.0 = Release|Any CPU
		{A33D90FD-2732-414E-ADCA-BDE7A280E080}.Debug|Any CPU.ActiveCfg = Debug|Any CPU
		{A33D90FD-2732-414E-ADCA-BDE7A280E080}.Debug|Any CPU.Build.0 = Debug|Any CPU
		{A33D90FD-2732-414E-ADCA-BDE7A280E080}.Release|Any CPU.ActiveCfg = Release|Any CPU
		{A33D90FD-2732-414E-ADCA-BDE7A280E080}.Release|Any CPU.Build.0 = Release|Any CPU
		{BE0C71F4-2144-4F81-9691-216A01A73023}.Debug|Any CPU.ActiveCfg = Debug|Any CPU
		{BE0C71F4-2144-4F81-9691-216A01A73023}.Debug|Any CPU.Build.0 = Debug|Any CPU
		{BE0C71F4-2144-4F81-9691-216A01A73023}.Release|Any CPU.ActiveCfg = Release|Any CPU
		{BE0C71F4-2144-4F81-9691-216A01A73023}.Release|Any CPU.Build.0 = Release|Any CPU
		{A7CE1BEA-4195-760B-8C09-457FB57B8416}.Debug|Any CPU.ActiveCfg = Debug|Any CPU
		{A7CE1BEA-4195-760B-8C09-457FB57B8416}.Debug|Any CPU.Build.0 = Debug|Any CPU
		{A7CE1BEA-4195-760B-8C09-457FB57B8416}.Release|Any CPU.ActiveCfg = Release|Any CPU
		{A7CE1BEA-4195-760B-8C09-457FB57B8416}.Release|Any CPU.Build.0 = Release|Any CPU
		{DE05AA7A-3DE6-789B-E477-765967CC5C57}.Debug|Any CPU.ActiveCfg = Debug|Any CPU
		{DE05AA7A-3DE6-789B-E477-765967CC5C57}.Debug|Any CPU.Build.0 = Debug|Any CPU
		{DE05AA7A-3DE6-789B-E477-765967CC5C57}.Release|Any CPU.ActiveCfg = Release|Any CPU
		{DE05AA7A-3DE6-789B-E477-765967CC5C57}.Release|Any CPU.Build.0 = Release|Any CPU
		{F18CBF71-D1A1-6332-2E48-B7E2DBC30EA5}.Debug|Any CPU.ActiveCfg = Debug|Any CPU
		{F18CBF71-D1A1-6332-2E48-B7E2DBC30EA5}.Debug|Any CPU.Build.0 = Debug|Any CPU
		{F18CBF71-D1A1-6332-2E48-B7E2DBC30EA5}.Release|Any CPU.ActiveCfg = Release|Any CPU
		{F18CBF71-D1A1-6332-2E48-B7E2DBC30EA5}.Release|Any CPU.Build.0 = Release|Any CPU
		{6E8AD615-B886-71E4-A850-80B639B79D24}.Debug|Any CPU.ActiveCfg = Debug|Any CPU
		{6E8AD615-B886-71E4-A850-80B639B79D24}.Debug|Any CPU.Build.0 = Debug|Any CPU
		{6E8AD615-B886-71E4-A850-80B639B79D24}.Release|Any CPU.ActiveCfg = Release|Any CPU
		{6E8AD615-B886-71E4-A850-80B639B79D24}.Release|Any CPU.Build.0 = Release|Any CPU
		{8D6331C5-72A6-DEFA-2B59-5F115C5D739E}.Debug|Any CPU.ActiveCfg = Debug|Any CPU
		{8D6331C5-72A6-DEFA-2B59-5F115C5D739E}.Debug|Any CPU.Build.0 = Debug|Any CPU
		{8D6331C5-72A6-DEFA-2B59-5F115C5D739E}.Release|Any CPU.ActiveCfg = Release|Any CPU
		{8D6331C5-72A6-DEFA-2B59-5F115C5D739E}.Release|Any CPU.Build.0 = Release|Any CPU
		{066FDE78-4996-BE3D-BC3E-8EB4D9C32329}.Debug|Any CPU.ActiveCfg = Debug|Any CPU
		{066FDE78-4996-BE3D-BC3E-8EB4D9C32329}.Debug|Any CPU.Build.0 = Debug|Any CPU
		{066FDE78-4996-BE3D-BC3E-8EB4D9C32329}.Release|Any CPU.ActiveCfg = Release|Any CPU
		{066FDE78-4996-BE3D-BC3E-8EB4D9C32329}.Release|Any CPU.Build.0 = Release|Any CPU
		{81DDED9D-158B-E303-5F62-77A2896D2A5A}.Debug|Any CPU.ActiveCfg = Debug|Any CPU
		{81DDED9D-158B-E303-5F62-77A2896D2A5A}.Debug|Any CPU.Build.0 = Debug|Any CPU
		{81DDED9D-158B-E303-5F62-77A2896D2A5A}.Release|Any CPU.ActiveCfg = Release|Any CPU
		{81DDED9D-158B-E303-5F62-77A2896D2A5A}.Release|Any CPU.Build.0 = Release|Any CPU
	EndGlobalSection
	GlobalSection(SolutionProperties) = preSolution
		HideSolutionNode = FALSE
	EndGlobalSection
	GlobalSection(NestedProjects) = preSolution
		{97103D33-5059-4F19-BA33-45D7473F841F} = {B3853303-1B43-45D9-9ED8-C3113FA82632}
		{8CB206F9-DEAF-4FAF-923F-75D8239C4287} = {B3853303-1B43-45D9-9ED8-C3113FA82632}
		{AADEB703-FD87-43B8-8F70-85375B17B7D8} = {02EA681E-C7D8-13C7-8484-4AC65E1B71E8}
		{9D93FF15-6447-4B29-A999-7C47DE3AED8E} = {AADEB703-FD87-43B8-8F70-85375B17B7D8}
		{07EAFF15-EAAB-49B8-9AAD-CDD58CF26213} = {AADEB703-FD87-43B8-8F70-85375B17B7D8}
		{D180D689-D900-415B-B0C2-FC199E1067C2} = {AADEB703-FD87-43B8-8F70-85375B17B7D8}
		{A33D90FD-2732-414E-ADCA-BDE7A280E080} = {AADEB703-FD87-43B8-8F70-85375B17B7D8}
		{E484111E-1D48-4BA7-9BEF-BDE2C4B96725} = {02EA681E-C7D8-13C7-8484-4AC65E1B71E8}
		{BE0C71F4-2144-4F81-9691-216A01A73023} = {E484111E-1D48-4BA7-9BEF-BDE2C4B96725}
		{49808DF4-C69A-44E1-819D-2FA91430A47D} = {02EA681E-C7D8-13C7-8484-4AC65E1B71E8}
		{1D82AB36-D602-465A-8A5C-2BEAD8087327} = {02EA681E-C7D8-13C7-8484-4AC65E1B71E8}
		{86760500-8CA9-496F-A87F-99FFB2C2BC66} = {02EA681E-C7D8-13C7-8484-4AC65E1B71E8}
		{A7CE1BEA-4195-760B-8C09-457FB57B8416} = {49808DF4-C69A-44E1-819D-2FA91430A47D}
		{DE05AA7A-3DE6-789B-E477-765967CC5C57} = {1D82AB36-D602-465A-8A5C-2BEAD8087327}
		{F18CBF71-D1A1-6332-2E48-B7E2DBC30EA5} = {86760500-8CA9-496F-A87F-99FFB2C2BC66}
		{6E8AD615-B886-71E4-A850-80B639B79D24} = {86760500-8CA9-496F-A87F-99FFB2C2BC66}
		{8D6331C5-72A6-DEFA-2B59-5F115C5D739E} = {86760500-8CA9-496F-A87F-99FFB2C2BC66}
		{066FDE78-4996-BE3D-BC3E-8EB4D9C32329} = {86760500-8CA9-496F-A87F-99FFB2C2BC66}
	EndGlobalSection
	GlobalSection(ExtensibilityGlobals) = postSolution
		SolutionGuid = {E4498059-7D90-40C0-9365-9317A068F33F}
	EndGlobalSection
EndGlobal
